// !$*UTF8*$!
{
	archiveVersion = 1;
	classes = {
	};
	objectVersion = 56;
	objects = {

/* Begin PBXBuildFile section */
		4CCCAFFF29D1D74F00DFE179 /* jinwonApp.swift in Sources */ = {isa = PBXBuildFile; fileRef = 4CCCAFFE29D1D74F00DFE179 /* jinwonApp.swift */; };
		4CCCB00329D1D75200DFE179 /* Assets.xcassets in Resources */ = {isa = PBXBuildFile; fileRef = 4CCCB00229D1D75200DFE179 /* Assets.xcassets */; };
		4CCCB00629D1D75200DFE179 /* Preview Assets.xcassets in Resources */ = {isa = PBXBuildFile; fileRef = 4CCCB00529D1D75200DFE179 /* Preview Assets.xcassets */; };
		4CCCB00829D1D75200DFE179 /* Persistence.swift in Sources */ = {isa = PBXBuildFile; fileRef = 4CCCB00729D1D75200DFE179 /* Persistence.swift */; };
		4CCCB00B29D1D75200DFE179 /* jinwon.xcdatamodeld in Sources */ = {isa = PBXBuildFile; fileRef = 4CCCB00929D1D75200DFE179 /* jinwon.xcdatamodeld */; };
		4CCCB01229D1D82100DFE179 /* MainListView.swift in Sources */ = {isa = PBXBuildFile; fileRef = 4CCCB01129D1D82100DFE179 /* MainListView.swift */; };
		4CCCB01629D1D95900DFE179 /* Memo.swift in Sources */ = {isa = PBXBuildFile; fileRef = 4CCCB01529D1D95900DFE179 /* Memo.swift */; };
		4CCCB01829D1DAA100DFE179 /* MemoStore.swift in Sources */ = {isa = PBXBuildFile; fileRef = 4CCCB01729D1DAA100DFE179 /* MemoStore.swift */; };
/* End PBXBuildFile section */

/* Begin PBXFileReference section */
		4CCCAFFB29D1D74F00DFE179 /* jinwon.app */ = {isa = PBXFileReference; explicitFileType = wrapper.application; includeInIndex = 0; path = jinwon.app; sourceTree = BUILT_PRODUCTS_DIR; };
		4CCCAFFE29D1D74F00DFE179 /* jinwonApp.swift */ = {isa = PBXFileReference; lastKnownFileType = sourcecode.swift; path = jinwonApp.swift; sourceTree = "<group>"; };
		4CCCB00229D1D75200DFE179 /* Assets.xcassets */ = {isa = PBXFileReference; lastKnownFileType = folder.assetcatalog; path = Assets.xcassets; sourceTree = "<group>"; };
		4CCCB00529D1D75200DFE179 /* Preview Assets.xcassets */ = {isa = PBXFileReference; lastKnownFileType = folder.assetcatalog; path = "Preview Assets.xcassets"; sourceTree = "<group>"; };
		4CCCB00729D1D75200DFE179 /* Persistence.swift */ = {isa = PBXFileReference; lastKnownFileType = sourcecode.swift; path = Persistence.swift; sourceTree = "<group>"; };
		4CCCB00A29D1D75200DFE179 /* jinwon.xcdatamodel */ = {isa = PBXFileReference; lastKnownFileType = wrapper.xcdatamodel; path = jinwon.xcdatamodel; sourceTree = "<group>"; };
		4CCCB01129D1D82100DFE179 /* MainListView.swift */ = {isa = PBXFileReference; lastKnownFileType = sourcecode.swift; path = MainListView.swift; sourceTree = "<group>"; };
		4CCCB01529D1D95900DFE179 /* Memo.swift */ = {isa = PBXFileReference; lastKnownFileType = sourcecode.swift; path = Memo.swift; sourceTree = "<group>"; };
		4CCCB01729D1DAA100DFE179 /* MemoStore.swift */ = {isa = PBXFileReference; lastKnownFileType = sourcecode.swift; path = MemoStore.swift; sourceTree = "<group>"; };
/* End PBXFileReference section */

/* Begin PBXFrameworksBuildPhase section */
		4CCCAFF829D1D74F00DFE179 /* Frameworks */ = {
			isa = PBXFrameworksBuildPhase;
			buildActionMask = 2147483647;
			files = (
			);
			runOnlyForDeploymentPostprocessing = 0;
		};
/* End PBXFrameworksBuildPhase section */

/* Begin PBXGroup section */
		4CCCAFF229D1D74F00DFE179 = {
			isa = PBXGroup;
			children = (
				4CCCAFFD29D1D74F00DFE179 /* jinwon */,
				4CCCAFFC29D1D74F00DFE179 /* Products */,
			);
			sourceTree = "<group>";
		};
		4CCCAFFC29D1D74F00DFE179 /* Products */ = {
			isa = PBXGroup;
			children = (
				4CCCAFFB29D1D74F00DFE179 /* jinwon.app */,
			);
			name = Products;
			sourceTree = "<group>";
		};
		4CCCAFFD29D1D74F00DFE179 /* jinwon */ = {
			isa = PBXGroup;
			children = (
				4CCCB01429D1D89100DFE179 /* Memory */,
				4CCCB01329D1D86800DFE179 /* CoreData */,
				4CCCAFFE29D1D74F00DFE179 /* jinwonApp.swift */,
				4CCCB01129D1D82100DFE179 /* MainListView.swift */,
				4CCCB00229D1D75200DFE179 /* Assets.xcassets */,
				4CCCB00429D1D75200DFE179 /* Preview Content */,
			);
			path = jinwon;
			sourceTree = "<group>";
		};
		4CCCB00429D1D75200DFE179 /* Preview Content */ = {
			isa = PBXGroup;
			children = (
				4CCCB00529D1D75200DFE179 /* Preview Assets.xcassets */,
			);
			path = "Preview Content";
			sourceTree = "<group>";
		};
		4CCCB01329D1D86800DFE179 /* CoreData */ = {
			isa = PBXGroup;
			children = (
				4CCCB00729D1D75200DFE179 /* Persistence.swift */,
				4CCCB00929D1D75200DFE179 /* jinwon.xcdatamodeld */,
			);
			path = CoreData;
			sourceTree = "<group>";
		};
		4CCCB01429D1D89100DFE179 /* Memory */ = {
			isa = PBXGroup;
			children = (
				4CCCB01529D1D95900DFE179 /* Memo.swift */,
				4CCCB01729D1DAA100DFE179 /* MemoStore.swift */,
			);
			path = Memory;
			sourceTree = "<group>";
		};
/* End PBXGroup section */

/* Begin PBXNativeTarget section */
		4CCCAFFA29D1D74F00DFE179 /* jinwon */ = {
			isa = PBXNativeTarget;
			buildConfigurationList = 4CCCB00E29D1D75200DFE179 /* Build configuration list for PBXNativeTarget "jinwon" */;
			buildPhases = (
				4CCCAFF729D1D74F00DFE179 /* Sources */,
				4CCCAFF829D1D74F00DFE179 /* Frameworks */,
				4CCCAFF929D1D74F00DFE179 /* Resources */,
			);
			buildRules = (
			);
			dependencies = (
			);
			name = jinwon;
			productName = jinwon;
			productReference = 4CCCAFFB29D1D74F00DFE179 /* jinwon.app */;
			productType = "com.apple.product-type.application";
		};
/* End PBXNativeTarget section */

/* Begin PBXProject section */
		4CCCAFF329D1D74F00DFE179 /* Project object */ = {
			isa = PBXProject;
			attributes = {
				BuildIndependentTargetsInParallel = 1;
				LastSwiftUpdateCheck = 1420;
				LastUpgradeCheck = 1420;
				TargetAttributes = {
					4CCCAFFA29D1D74F00DFE179 = {
						CreatedOnToolsVersion = 14.2;
					};
				};
			};
			buildConfigurationList = 4CCCAFF629D1D74F00DFE179 /* Build configuration list for PBXProject "jinwon" */;
			compatibilityVersion = "Xcode 14.0";
			developmentRegion = en;
			hasScannedForEncodings = 0;
			knownRegions = (
				en,
				Base,
			);
			mainGroup = 4CCCAFF229D1D74F00DFE179;
			productRefGroup = 4CCCAFFC29D1D74F00DFE179 /* Products */;
			projectDirPath = "";
			projectRoot = "";
			targets = (
				4CCCAFFA29D1D74F00DFE179 /* jinwon */,
			);
		};
/* End PBXProject section */

/* Begin PBXResourcesBuildPhase section */
		4CCCAFF929D1D74F00DFE179 /* Resources */ = {
			isa = PBXResourcesBuildPhase;
			buildActionMask = 2147483647;
			files = (
				4CCCB00629D1D75200DFE179 /* Preview Assets.xcassets in Resources */,
				4CCCB00329D1D75200DFE179 /* Assets.xcassets in Resources */,
			);
			runOnlyForDeploymentPostprocessing = 0;
		};
/* End PBXResourcesBuildPhase section */

/* Begin PBXSourcesBuildPhase section */
		4CCCAFF729D1D74F00DFE179 /* Sources */ = {
			isa = PBXSourcesBuildPhase;
			buildActionMask = 2147483647;
			files = (
				4CCCB00B29D1D75200DFE179 /* jinwon.xcdatamodeld in Sources */,
				4CCCB01829D1DAA100DFE179 /* MemoStore.swift in Sources */,
				4CCCB01229D1D82100DFE179 /* MainListView.swift in Sources */,
				4CCCB00829D1D75200DFE179 /* Persistence.swift in Sources */,
				4CCCAFFF29D1D74F00DFE179 /* jinwonApp.swift in Sources */,
				4CCCB01629D1D95900DFE179 /* Memo.swift in Sources */,
			);
			runOnlyForDeploymentPostprocessing = 0;
		};
/* End PBXSourcesBuildPhase section */

/* Begin XCBuildConfiguration section */
		4CCCB00C29D1D75200DFE179 /* Debug */ = {
			isa = XCBuildConfiguration;
			buildSettings = {
				ALWAYS_SEARCH_USER_PATHS = NO;
				CLANG_ANALYZER_NONNULL = YES;
				CLANG_ANALYZER_NUMBER_OBJECT_CONVERSION = YES_AGGRESSIVE;
				CLANG_CXX_LANGUAGE_STANDARD = "gnu++20";
				CLANG_ENABLE_MODULES = YES;
				CLANG_ENABLE_OBJC_ARC = YES;
				CLANG_ENABLE_OBJC_WEAK = YES;
				CLANG_WARN_BLOCK_CAPTURE_AUTORELEASING = YES;
				CLANG_WARN_BOOL_CONVERSION = YES;
				CLANG_WARN_COMMA = YES;
				CLANG_WARN_CONSTANT_CONVERSION = YES;
				CLANG_WARN_DEPRECATED_OBJC_IMPLEMENTATIONS = YES;
				CLANG_WARN_DIRECT_OBJC_ISA_USAGE = YES_ERROR;
				CLANG_WARN_DOCUMENTATION_COMMENTS = YES;
				CLANG_WARN_EMPTY_BODY = YES;
				CLANG_WARN_ENUM_CONVERSION = YES;
				CLANG_WARN_INFINITE_RECURSION = YES;
				CLANG_WARN_INT_CONVERSION = YES;
				CLANG_WARN_NON_LITERAL_NULL_CONVERSION = YES;
				CLANG_WARN_OBJC_IMPLICIT_RETAIN_SELF = YES;
				CLANG_WARN_OBJC_LITERAL_CONVERSION = YES;
				CLANG_WARN_OBJC_ROOT_CLASS = YES_ERROR;
				CLANG_WARN_QUOTED_INCLUDE_IN_FRAMEWORK_HEADER = YES;
				CLANG_WARN_RANGE_LOOP_ANALYSIS = YES;
				CLANG_WARN_STRICT_PROTOTYPES = YES;
				CLANG_WARN_SUSPICIOUS_MOVE = YES;
				CLANG_WARN_UNGUARDED_AVAILABILITY = YES_AGGRESSIVE;
				CLANG_WARN_UNREACHABLE_CODE = YES;
				CLANG_WARN__DUPLICATE_METHOD_MATCH = YES;
				COPY_PHASE_STRIP = NO;
				DEBUG_INFORMATION_FORMAT = dwarf;
				ENABLE_STRICT_OBJC_MSGSEND = YES;
				ENABLE_TESTABILITY = YES;
				GCC_C_LANGUAGE_STANDARD = gnu11;
				GCC_DYNAMIC_NO_PIC = NO;
				GCC_NO_COMMON_BLOCKS = YES;
				GCC_OPTIMIZATION_LEVEL = 0;
				GCC_PREPROCESSOR_DEFINITIONS = (
					"DEBUG=1",
					"$(inherited)",
				);
				GCC_WARN_64_TO_32_BIT_CONVERSION = YES;
				GCC_WARN_ABOUT_RETURN_TYPE = YES_ERROR;
				GCC_WARN_UNDECLARED_SELECTOR = YES;
				GCC_WARN_UNINITIALIZED_AUTOS = YES_AGGRESSIVE;
				GCC_WARN_UNUSED_FUNCTION = YES;
				GCC_WARN_UNUSED_VARIABLE = YES;
				IPHONEOS_DEPLOYMENT_TARGET = 16.2;
				MTL_ENABLE_DEBUG_INFO = INCLUDE_SOURCE;
				MTL_FAST_MATH = YES;
				ONLY_ACTIVE_ARCH = YES;
				SDKROOT = iphoneos;
				SWIFT_ACTIVE_COMPILATION_CONDITIONS = DEBUG;
				SWIFT_OPTIMIZATION_LEVEL = "-Onone";
			};
			name = Debug;
		};
		4CCCB00D29D1D75200DFE179 /* Release */ = {
			isa = XCBuildConfiguration;
			buildSettings = {
				ALWAYS_SEARCH_USER_PATHS = NO;
				CLANG_ANALYZER_NONNULL = YES;
				CLANG_ANALYZER_NUMBER_OBJECT_CONVERSION = YES_AGGRESSIVE;
				CLANG_CXX_LANGUAGE_STANDARD = "gnu++20";
				CLANG_ENABLE_MODULES = YES;
				CLANG_ENABLE_OBJC_ARC = YES;
				CLANG_ENABLE_OBJC_WEAK = YES;
				CLANG_WARN_BLOCK_CAPTURE_AUTORELEASING = YES;
				CLANG_WARN_BOOL_CONVERSION = YES;
				CLANG_WARN_COMMA = YES;
				CLANG_WARN_CONSTANT_CONVERSION = YES;
				CLANG_WARN_DEPRECATED_OBJC_IMPLEMENTATIONS = YES;
				CLANG_WARN_DIRECT_OBJC_ISA_USAGE = YES_ERROR;
				CLANG_WARN_DOCUMENTATION_COMMENTS = YES;
				CLANG_WARN_EMPTY_BODY = YES;
				CLANG_WARN_ENUM_CONVERSION = YES;
				CLANG_WARN_INFINITE_RECURSION = YES;
				CLANG_WARN_INT_CONVERSION = YES;
				CLANG_WARN_NON_LITERAL_NULL_CONVERSION = YES;
				CLANG_WARN_OBJC_IMPLICIT_RETAIN_SELF = YES;
				CLANG_WARN_OBJC_LITERAL_CONVERSION = YES;
				CLANG_WARN_OBJC_ROOT_CLASS = YES_ERROR;
				CLANG_WARN_QUOTED_INCLUDE_IN_FRAMEWORK_HEADER = YES;
				CLANG_WARN_RANGE_LOOP_ANALYSIS = YES;
				CLANG_WARN_STRICT_PROTOTYPES = YES;
				CLANG_WARN_SUSPICIOUS_MOVE = YES;
				CLANG_WARN_UNGUARDED_AVAILABILITY = YES_AGGRESSIVE;
				CLANG_WARN_UNREACHABLE_CODE = YES;
				CLANG_WARN__DUPLICATE_METHOD_MATCH = YES;
				COPY_PHASE_STRIP = NO;
				DEBUG_INFORMATION_FORMAT = "dwarf-with-dsym";
				ENABLE_NS_ASSERTIONS = NO;
				ENABLE_STRICT_OBJC_MSGSEND = YES;
				GCC_C_LANGUAGE_STANDARD = gnu11;
				GCC_NO_COMMON_BLOCKS = YES;
				GCC_WARN_64_TO_32_BIT_CONVERSION = YES;
				GCC_WARN_ABOUT_RETURN_TYPE = YES_ERROR;
				GCC_WARN_UNDECLARED_SELECTOR = YES;
				GCC_WARN_UNINITIALIZED_AUTOS = YES_AGGRESSIVE;
				GCC_WARN_UNUSED_FUNCTION = YES;
				GCC_WARN_UNUSED_VARIABLE = YES;
				IPHONEOS_DEPLOYMENT_TARGET = 16.2;
				MTL_ENABLE_DEBUG_INFO = NO;
				MTL_FAST_MATH = YES;
				SDKROOT = iphoneos;
				SWIFT_COMPILATION_MODE = wholemodule;
				SWIFT_OPTIMIZATION_LEVEL = "-O";
				VALIDATE_PRODUCT = YES;
			};
			name = Release;
		};
		4CCCB00F29D1D75200DFE179 /* Debug */ = {
			isa = XCBuildConfiguration;
			buildSettings = {
				ASSETCATALOG_COMPILER_APPICON_NAME = AppIcon;
				ASSETCATALOG_COMPILER_GLOBAL_ACCENT_COLOR_NAME = AccentColor;
				CODE_SIGN_STYLE = Automatic;
				CURRENT_PROJECT_VERSION = 1;
				DEVELOPMENT_ASSET_PATHS = "\"jinwon/Preview Content\"";
				ENABLE_PREVIEWS = YES;
				GENERATE_INFOPLIST_FILE = YES;
				INFOPLIST_KEY_UIApplicationSceneManifest_Generation = YES;
				INFOPLIST_KEY_UIApplicationSupportsIndirectInputEvents = YES;
				INFOPLIST_KEY_UILaunchScreen_Generation = YES;
				INFOPLIST_KEY_UISupportedInterfaceOrientations_iPad = "UIInterfaceOrientationPortrait UIInterfaceOrientationPortraitUpsideDown UIInterfaceOrientationLandscapeLeft UIInterfaceOrientationLandscapeRight";
				INFOPLIST_KEY_UISupportedInterfaceOrientations_iPhone = "UIInterfaceOrientationPortrait UIInterfaceOrientationLandscapeLeft UIInterfaceOrientationLandscapeRight";
				LD_RUNPATH_SEARCH_PATHS = (
					"$(inherited)",
					"@executable_path/Frameworks",
				);
				MARKETING_VERSION = 1.0;
				PRODUCT_BUNDLE_IDENTIFIER = jinwon.jinwon;
				PRODUCT_NAME = "$(TARGET_NAME)";
				SWIFT_EMIT_LOC_STRINGS = YES;
				SWIFT_VERSION = 5.0;
				TARGETED_DEVICE_FAMILY = "1,2";
			};
			name = Debug;
		};
		4CCCB01029D1D75200DFE179 /* Release */ = {
			isa = XCBuildConfiguration;
			buildSettings = {
				ASSETCATALOG_COMPILER_APPICON_NAME = AppIcon;
				ASSETCATALOG_COMPILER_GLOBAL_ACCENT_COLOR_NAME = AccentColor;
				CODE_SIGN_STYLE = Automatic;
				CURRENT_PROJECT_VERSION = 1;
				DEVELOPMENT_ASSET_PATHS = "\"jinwon/Preview Content\"";
				ENABLE_PREVIEWS = YES;
				GENERATE_INFOPLIST_FILE = YES;
				INFOPLIST_KEY_UIApplicationSceneManifest_Generation = YES;
				INFOPLIST_KEY_UIApplicationSupportsIndirectInputEvents = YES;
				INFOPLIST_KEY_UILaunchScreen_Generation = YES;
				INFOPLIST_KEY_UISupportedInterfaceOrientations_iPad = "UIInterfaceOrientationPortrait UIInterfaceOrientationPortraitUpsideDown UIInterfaceOrientationLandscapeLeft UIInterfaceOrientationLandscapeRight";
				INFOPLIST_KEY_UISupportedInterfaceOrientations_iPhone = "UIInterfaceOrientationPortrait UIInterfaceOrientationLandscapeLeft UIInterfaceOrientationLandscapeRight";
				LD_RUNPATH_SEARCH_PATHS = (
					"$(inherited)",
					"@executable_path/Frameworks",
				);
				MARKETING_VERSION = 1.0;
				PRODUCT_BUNDLE_IDENTIFIER = jinwon.jinwon;
				PRODUCT_NAME = "$(TARGET_NAME)";
				SWIFT_EMIT_LOC_STRINGS = YES;
				SWIFT_VERSION = 5.0;
				TARGETED_DEVICE_FAMILY = "1,2";
			};
			name = Release;
		};
/* End XCBuildConfiguration section */

/* Begin XCConfigurationList section */
		4CCCAFF629D1D74F00DFE179 /* Build configuration list for PBXProject "jinwon" */ = {
			isa = XCConfigurationList;
			buildConfigurations = (
				4CCCB00C29D1D75200DFE179 /* Debug */,
				4CCCB00D29D1D75200DFE179 /* Release */,
			);
			defaultConfigurationIsVisible = 0;
			defaultConfigurationName = Release;
		};
		4CCCB00E29D1D75200DFE179 /* Build configuration list for PBXNativeTarget "jinwon" */ = {
			isa = XCConfigurationList;
			buildConfigurations = (
				4CCCB00F29D1D75200DFE179 /* Debug */,
				4CCCB01029D1D75200DFE179 /* Release */,
			);
			defaultConfigurationIsVisible = 0;
			defaultConfigurationName = Release;
		};
/* End XCConfigurationList section */

/* Begin XCVersionGroup section */
		4CCCB00929D1D75200DFE179 /* jinwon.xcdatamodeld */ = {
			isa = XCVersionGroup;
			children = (
				4CCCB00A29D1D75200DFE179 /* jinwon.xcdatamodel */,
			);
			currentVersion = 4CCCB00A29D1D75200DFE179 /* jinwon.xcdatamodel */;
			path = jinwon.xcdatamodeld;
			sourceTree = "<group>";
			versionGroupType = wrapper.xcdatamodel;
		};
/* End XCVersionGroup section */
	};
	rootObject = 4CCCAFF329D1D74F00DFE179 /* Project object */;
}
